
Microsoft Visual Studio Solution File, Format Version 12.00
# Visual Studio Version 17
VisualStudioVersion = 17.5.33424.131
MinimumVisualStudioVersion = 10.0.40219.1
Project("{FAE04EC0-301F-11D3-BF4B-00C04F79EFBC}") = "Shop", "Shop\Shop.csproj", "{1EDA140B-8B50-458E-9BF2-3D75D4E97C8A}"
EndProject
Global
	GlobalSection(SolutionConfigurationPlatforms) = preSolution
		Debug|Any CPU = Debug|Any CPU
		Release|Any CPU = Release|Any CPU
	EndGlobalSection
	GlobalSection(ProjectConfigurationPlatforms) = postSolution
		{1EDA140B-8B50-458E-9BF2-3D75D4E97C8A}.Debug|Any CPU.ActiveCfg = Debug|Any CPU
		{1EDA140B-8B50-458E-9BF2-3D75D4E97C8A}.Debug|Any CPU.Build.0 = Debug|Any CPU
		{1EDA140B-8B50-458E-9BF2-3D75D4E97C8A}.Release|Any CPU.ActiveCfg = Release|Any CPU
		{1EDA140B-8B50-458E-9BF2-3D75D4E97C8A}.Release|Any CPU.Build.0 = Release|Any CPU
	EndGlobalSection
	GlobalSection(SolutionProperties) = preSolution
		HideSolutionNode = FALSE
	EndGlobalSection
	GlobalSection(ExtensibilityGlobals) = postSolution
		SolutionGuid = {3FE0E411-77E2-44FF-936A-7C15225C3AE9}
	EndGlobalSection
EndGlobal
